// !$*UTF8*$!
{
	archiveVersion = 1;
	classes = {
	};
	objectVersion = 46;
	objects = {

/* Begin PBXBuildFile section */
		5057D9081B4AD4C500178BB9 /* AppDelegate.swift in Sources */ = {isa = PBXBuildFile; fileRef = 5057D9071B4AD4C500178BB9 /* AppDelegate.swift */; };
		5057D90A1B4AD4C500178BB9 /* ViewController.swift in Sources */ = {isa = PBXBuildFile; fileRef = 5057D9091B4AD4C500178BB9 /* ViewController.swift */; };
		5057D90D1B4AD4C500178BB9 /* Main.storyboard in Resources */ = {isa = PBXBuildFile; fileRef = 5057D90B1B4AD4C500178BB9 /* Main.storyboard */; };
		5057D90F1B4AD4C500178BB9 /* Images.xcassets in Resources */ = {isa = PBXBuildFile; fileRef = 5057D90E1B4AD4C500178BB9 /* Images.xcassets */; };
		5057D9121B4AD4C500178BB9 /* LaunchScreen.xib in Resources */ = {isa = PBXBuildFile; fileRef = 5057D9101B4AD4C500178BB9 /* LaunchScreen.xib */; };
		5057D91E1B4AD4C500178BB9 /* TakePhotoTests.swift in Sources */ = {isa = PBXBuildFile; fileRef = 5057D91D1B4AD4C500178BB9 /* TakePhotoTests.swift */; };
/* End PBXBuildFile section */

/* Begin PBXContainerItemProxy section */
		5057D9181B4AD4C500178BB9 /* PBXContainerItemProxy */ = {
			isa = PBXContainerItemProxy;
			containerPortal = 5057D8FA1B4AD4C300178BB9 /* Project object */;
			proxyType = 1;
			remoteGlobalIDString = 5057D9011B4AD4C400178BB9;
			remoteInfo = TakePhoto;
		};
/* End PBXContainerItemProxy section */

/* Begin PBXFileReference section */
		5057D9021B4AD4C400178BB9 /* TakePhoto.app */ = {isa = PBXFileReference; explicitFileType = wrapper.application; includeInIndex = 0; path = TakePhoto.app; sourceTree = BUILT_PRODUCTS_DIR; };
		5057D9061B4AD4C500178BB9 /* Info.plist */ = {isa = PBXFileReference; lastKnownFileType = text.plist.xml; path = Info.plist; sourceTree = "<group>"; };
		5057D9071B4AD4C500178BB9 /* AppDelegate.swift */ = {isa = PBXFileReference; lastKnownFileType = sourcecode.swift; path = AppDelegate.swift; sourceTree = "<group>"; };
		5057D9091B4AD4C500178BB9 /* ViewController.swift */ = {isa = PBXFileReference; lastKnownFileType = sourcecode.swift; path = ViewController.swift; sourceTree = "<group>"; };
		5057D90C1B4AD4C500178BB9 /* Base */ = {isa = PBXFileReference; lastKnownFileType = file.storyboard; name = Base; path = Base.lproj/Main.storyboard; sourceTree = "<group>"; };
		5057D90E1B4AD4C500178BB9 /* Images.xcassets */ = {isa = PBXFileReference; lastKnownFileType = folder.assetcatalog; path = Images.xcassets; sourceTree = "<group>"; };
		5057D9111B4AD4C500178BB9 /* Base */ = {isa = PBXFileReference; lastKnownFileType = file.xib; name = Base; path = Base.lproj/LaunchScreen.xib; sourceTree = "<group>"; };
		5057D9171B4AD4C500178BB9 /* TakePhotoTests.xctest */ = {isa = PBXFileReference; explicitFileType = wrapper.cfbundle; includeInIndex = 0; path = TakePhotoTests.xctest; sourceTree = BUILT_PRODUCTS_DIR; };
		5057D91C1B4AD4C500178BB9 /* Info.plist */ = {isa = PBXFileReference; lastKnownFileType = text.plist.xml; path = Info.plist; sourceTree = "<group>"; };
		5057D91D1B4AD4C500178BB9 /* TakePhotoTests.swift */ = {isa = PBXFileReference; lastKnownFileType = sourcecode.swift; path = TakePhotoTests.swift; sourceTree = "<group>"; };
/* End PBXFileReference section */

/* Begin PBXFrameworksBuildPhase section */
		5057D8FF1B4AD4C400178BB9 /* Frameworks */ = {
			isa = PBXFrameworksBuildPhase;
			buildActionMask = 2147483647;
			files = (
			);
			runOnlyForDeploymentPostprocessing = 0;
		};
		5057D9141B4AD4C500178BB9 /* Frameworks */ = {
			isa = PBXFrameworksBuildPhase;
			buildActionMask = 2147483647;
			files = (
			);
			runOnlyForDeploymentPostprocessing = 0;
		};
/* End PBXFrameworksBuildPhase section */

/* Begin PBXGroup section */
		5057D8F91B4AD4C300178BB9 = {
			isa = PBXGroup;
			children = (
				5057D9041B4AD4C400178BB9 /* TakePhoto */,
				5057D91A1B4AD4C500178BB9 /* TakePhotoTests */,
				5057D9031B4AD4C400178BB9 /* Products */,
			);
			sourceTree = "<group>";
		};
		5057D9031B4AD4C400178BB9 /* Products */ = {
			isa = PBXGroup;
			children = (
				5057D9021B4AD4C400178BB9 /* TakePhoto.app */,
				5057D9171B4AD4C500178BB9 /* TakePhotoTests.xctest */,
			);
			name = Products;
			sourceTree = "<group>";
		};
		5057D9041B4AD4C400178BB9 /* TakePhoto */ = {
			isa = PBXGroup;
			children = (
				5057D9071B4AD4C500178BB9 /* AppDelegate.swift */,
				5057D9091B4AD4C500178BB9 /* ViewController.swift */,
				5057D90B1B4AD4C500178BB9 /* Main.storyboard */,
				5057D90E1B4AD4C500178BB9 /* Images.xcassets */,
				5057D9101B4AD4C500178BB9 /* LaunchScreen.xib */,
				5057D9051B4AD4C500178BB9 /* Supporting Files */,
			);
			path = TakePhoto;
			sourceTree = "<group>";
		};
		5057D9051B4AD4C500178BB9 /* Supporting Files */ = {
			isa = PBXGroup;
			children = (
				5057D9061B4AD4C500178BB9 /* Info.plist */,
			);
			name = "Supporting Files";
			sourceTree = "<group>";
		};
		5057D91A1B4AD4C500178BB9 /* TakePhotoTests */ = {
			isa = PBXGroup;
			children = (
				5057D91D1B4AD4C500178BB9 /* TakePhotoTests.swift */,
				5057D91B1B4AD4C500178BB9 /* Supporting Files */,
			);
			path = TakePhotoTests;
			sourceTree = "<group>";
		};
		5057D91B1B4AD4C500178BB9 /* Supporting Files */ = {
			isa = PBXGroup;
			children = (
				5057D91C1B4AD4C500178BB9 /* Info.plist */,
			);
			name = "Supporting Files";
			sourceTree = "<group>";
		};
/* End PBXGroup section */

/* Begin PBXNativeTarget section */
		5057D9011B4AD4C400178BB9 /* TakePhoto */ = {
			isa = PBXNativeTarget;
			buildConfigurationList = 5057D9211B4AD4C500178BB9 /* Build configuration list for PBXNativeTarget "TakePhoto" */;
			buildPhases = (
				5057D8FE1B4AD4C400178BB9 /* Sources */,
				5057D8FF1B4AD4C400178BB9 /* Frameworks */,
				5057D9001B4AD4C400178BB9 /* Resources */,
			);
			buildRules = (
			);
			dependencies = (
			);
			name = TakePhoto;
			productName = TakePhoto;
			productReference = 5057D9021B4AD4C400178BB9 /* TakePhoto.app */;
			productType = "com.apple.product-type.application";
		};
		5057D9161B4AD4C500178BB9 /* TakePhotoTests */ = {
			isa = PBXNativeTarget;
			buildConfigurationList = 5057D9241B4AD4C500178BB9 /* Build configuration list for PBXNativeTarget "TakePhotoTests" */;
			buildPhases = (
				5057D9131B4AD4C500178BB9 /* Sources */,
				5057D9141B4AD4C500178BB9 /* Frameworks */,
				5057D9151B4AD4C500178BB9 /* Resources */,
			);
			buildRules = (
			);
			dependencies = (
				5057D9191B4AD4C500178BB9 /* PBXTargetDependency */,
			);
			name = TakePhotoTests;
			productName = TakePhotoTests;
			productReference = 5057D9171B4AD4C500178BB9 /* TakePhotoTests.xctest */;
			productType = "com.apple.product-type.bundle.unit-test";
		};
/* End PBXNativeTarget section */

/* Begin PBXProject section */
		5057D8FA1B4AD4C300178BB9 /* Project object */ = {
			isa = PBXProject;
			attributes = {
				LastUpgradeCheck = 0630;
				ORGANIZATIONNAME = qingjiezhao;
				TargetAttributes = {
					5057D9011B4AD4C400178BB9 = {
						CreatedOnToolsVersion = 6.3.1;
					};
					5057D9161B4AD4C500178BB9 = {
						CreatedOnToolsVersion = 6.3.1;
						TestTargetID = 5057D9011B4AD4C400178BB9;
					};
				};
			};
			buildConfigurationList = 5057D8FD1B4AD4C400178BB9 /* Build configuration list for PBXProject "TakePhoto" */;
			compatibilityVersion = "Xcode 3.2";
			developmentRegion = English;
			hasScannedForEncodings = 0;
			knownRegions = (
				en,
				Base,
			);
			mainGroup = 5057D8F91B4AD4C300178BB9;
			productRefGroup = 5057D9031B4AD4C400178BB9 /* Products */;
			projectDirPath = "";
			projectRoot = "";
			targets = (
				5057D9011B4AD4C400178BB9 /* TakePhoto */,
				5057D9161B4AD4C500178BB9 /* TakePhotoTests */,
			);
		};
/* End PBXProject section */

/* Begin PBXResourcesBuildPhase section */
		5057D9001B4AD4C400178BB9 /* Resources */ = {
			isa = PBXResourcesBuildPhase;
			buildActionMask = 2147483647;
			files = (
				5057D90D1B4AD4C500178BB9 /* Main.storyboard in Resources */,
				5057D9121B4AD4C500178BB9 /* LaunchScreen.xib in Resources */,
				5057D90F1B4AD4C500178BB9 /* Images.xcassets in Resources */,
			);
			runOnlyForDeploymentPostprocessing = 0;
		};
		5057D9151B4AD4C500178BB9 /* Resources */ = {
			isa = PBXResourcesBuildPhase;
			buildActionMask = 2147483647;
			files = (
			);
			runOnlyForDeploymentPostprocessing = 0;
		};
/* End PBXResourcesBuildPhase section */

/* Begin PBXSourcesBuildPhase section */
		5057D8FE1B4AD4C400178BB9 /* Sources */ = {
			isa = PBXSourcesBuildPhase;
			buildActionMask = 2147483647;
			files = (
				5057D90A1B4AD4C500178BB9 /* ViewController.swift in Sources */,
				5057D9081B4AD4C500178BB9 /* AppDelegate.swift in Sources */,
			);
			runOnlyForDeploymentPostprocessing = 0;
		};
		5057D9131B4AD4C500178BB9 /* Sources */ = {
			isa = PBXSourcesBuildPhase;
			buildActionMask = 2147483647;
			files = (
				5057D91E1B4AD4C500178BB9 /* TakePhotoTests.swift in Sources */,
			);
			runOnlyForDeploymentPostprocessing = 0;
		};
/* End PBXSourcesBuildPhase section */

/* Begin PBXTargetDependency section */
		5057D9191B4AD4C500178BB9 /* PBXTargetDependency */ = {
			isa = PBXTargetDependency;
			target = 5057D9011B4AD4C400178BB9 /* TakePhoto */;
			targetProxy = 5057D9181B4AD4C500178BB9 /* PBXContainerItemProxy */;
		};
/* End PBXTargetDependency section */

/* Begin PBXVariantGroup section */
		5057D90B1B4AD4C500178BB9 /* Main.storyboard */ = {
			isa = PBXVariantGroup;
			children = (
				5057D90C1B4AD4C500178BB9 /* Base */,
			);
			name = Main.storyboard;
			sourceTree = "<group>";
		};
		5057D9101B4AD4C500178BB9 /* LaunchScreen.xib */ = {
			isa = PBXVariantGroup;
			children = (
				5057D9111B4AD4C500178BB9 /* Base */,
			);
			name = LaunchScreen.xib;
			sourceTree = "<group>";
		};
/* End PBXVariantGroup section */

/* Begin XCBuildConfiguration section */
		5057D91F1B4AD4C500178BB9 /* Debug */ = {
			isa = XCBuildConfiguration;
			buildSettings = {
				ALWAYS_SEARCH_USER_PATHS = NO;
				CLANG_CXX_LANGUAGE_STANDARD = "gnu++0x";
				CLANG_CXX_LIBRARY = "libc++";
				CLANG_ENABLE_MODULES = YES;
				CLANG_ENABLE_OBJC_ARC = YES;
				CLANG_WARN_BOOL_CONVERSION = YES;
				CLANG_WARN_CONSTANT_CONVERSION = YES;
				CLANG_WARN_DIRECT_OBJC_ISA_USAGE = YES_ERROR;
				CLANG_WARN_EMPTY_BODY = YES;
				CLANG_WARN_ENUM_CONVERSION = YES;
				CLANG_WARN_INT_CONVERSION = YES;
				CLANG_WARN_OBJC_ROOT_CLASS = YES_ERROR;
				CLANG_WARN_UNREACHABLE_CODE = YES;
				CLANG_WARN__DUPLICATE_METHOD_MATCH = YES;
				"CODE_SIGN_IDENTITY[sdk=iphoneos*]" = "iPhone Developer";
				COPY_PHASE_STRIP = NO;
				DEBUG_INFORMATION_FORMAT = "dwarf-with-dsym";
				ENABLE_STRICT_OBJC_MSGSEND = YES;
				GCC_C_LANGUAGE_STANDARD = gnu99;
				GCC_DYNAMIC_NO_PIC = NO;
				GCC_NO_COMMON_BLOCKS = YES;
				GCC_OPTIMIZATION_LEVEL = 0;
				GCC_PREPROCESSOR_DEFINITIONS = (
					"DEBUG=1",
					"$(inherited)",
				);
				GCC_SYMBOLS_PRIVATE_EXTERN = NO;
				GCC_WARN_64_TO_32_BIT_CONVERSION = YES;
				GCC_WARN_ABOUT_RETURN_TYPE = YES_ERROR;
				GCC_WARN_UNDECLARED_SELECTOR = YES;
				GCC_WARN_UNINITIALIZED_AUTOS = YES_AGGRESSIVE;
				GCC_WARN_UNUSED_FUNCTION = YES;
				GCC_WARN_UNUSED_VARIABLE = YES;
				IPHONEOS_DEPLOYMENT_TARGET = 8.3;
				MTL_ENABLE_DEBUG_INFO = YES;
				ONLY_ACTIVE_ARCH = YES;
				SDKROOT = iphoneos;
				SWIFT_OPTIMIZATION_LEVEL = "-Onone";
			};
			name = Debug;
		};
		5057D9201B4AD4C500178BB9 /* Release */ = {
			isa = XCBuildConfiguration;
			buildSettings = {
				ALWAYS_SEARCH_USER_PATHS = NO;
				CLANG_CXX_LANGUAGE_STANDARD = "gnu++0x";
				CLANG_CXX_LIBRARY = "libc++";
				CLANG_ENABLE_MODULES = YES;
				CLANG_ENABLE_OBJC_ARC = YES;
				CLANG_WARN_BOOL_CONVERSION = YES;
				CLANG_WARN_CONSTANT_CONVERSION = YES;
				CLANG_WARN_DIRECT_OBJC_ISA_USAGE = YES_ERROR;
				CLANG_WARN_EMPTY_BODY = YES;
				CLANG_WARN_ENUM_CONVERSION = YES;
				CLANG_WARN_INT_CONVERSION = YES;
				CLANG_WARN_OBJC_ROOT_CLASS = YES_ERROR;
				CLANG_WARN_UNREACHABLE_CODE = YES;
				CLANG_WARN__DUPLICATE_METHOD_MATCH = YES;
				"CODE_SIGN_IDENTITY[sdk=iphoneos*]" = "iPhone Developer";
				COPY_PHASE_STRIP = NO;
				DEBUG_INFORMATION_FORMAT = "dwarf-with-dsym";
				ENABLE_NS_ASSERTIONS = NO;
				ENABLE_STRICT_OBJC_MSGSEND = YES;
				GCC_C_LANGUAGE_STANDARD = gnu99;
				GCC_NO_COMMON_BLOCKS = YES;
				GCC_WARN_64_TO_32_BIT_CONVERSION = YES;
				GCC_WARN_ABOUT_RETURN_TYPE = YES_ERROR;
				GCC_WARN_UNDECLARED_SELECTOR = YES;
				GCC_WARN_UNINITIALIZED_AUTOS = YES_AGGRESSIVE;
				GCC_WARN_UNUSED_FUNCTION = YES;
				GCC_WARN_UNUSED_VARIABLE = YES;
				IPHONEOS_DEPLOYMENT_TARGET = 8.3;
				MTL_ENABLE_DEBUG_INFO = NO;
				SDKROOT = iphoneos;
				VALIDATE_PRODUCT = YES;
			};
			name = Release;
		};
		5057D9221B4AD4C500178BB9 /* Debug */ = {
			isa = XCBuildConfiguration;
			buildSettings = {
				ASSETCATALOG_COMPILER_APPICON_NAME = AppIcon;
				INFOPLIST_FILE = TakePhoto/Info.plist;
				LD_RUNPATH_SEARCH_PATHS = "$(inherited) @executable_path/Frameworks";
				PRODUCT_NAME = "$(TARGET_NAME)";
			};
			name = Debug;
		};
		5057D9231B4AD4C500178BB9 /* Release */ = {
			isa = XCBuildConfiguration;
			buildSettings = {
				ASSETCATALOG_COMPILER_APPICON_NAME = AppIcon;
				INFOPLIST_FILE = TakePhoto/Info.plist;
				LD_RUNPATH_SEARCH_PATHS = "$(inherited) @executable_path/Frameworks";
				PRODUCT_NAME = "$(TARGET_NAME)";
			};
			name = Release;
		};
		5057D9251B4AD4C500178BB9 /* Debug */ = {
			isa = XCBuildConfiguration;
			buildSettings = {
				BUNDLE_LOADER = "$(TEST_HOST)";
				FRAMEWORK_SEARCH_PATHS = (
					"$(SDKROOT)/Developer/Library/Frameworks",
					"$(inherited)",
				);
				GCC_PREPROCESSOR_DEFINITIONS = (
					"DEBUG=1",
					"$(inherited)",
				);
				INFOPLIST_FILE = TakePhotoTests/Info.plist;
				LD_RUNPATH_SEARCH_PATHS = "$(inherited) @executable_path/Frameworks @loader_path/Frameworks";
				PRODUCT_NAME = "$(TARGET_NAME)";
				TEST_HOST = "$(BUILT_PRODUCTS_DIR)/TakePhoto.app/TakePhoto";
			};
			name = Debug;
		};
		5057D9261B4AD4C500178BB9 /* Release */ = {
			isa = XCBuildConfiguration;
			buildSettings = {
				BUNDLE_LOADER = "$(TEST_HOST)";
				FRAMEWORK_SEARCH_PATHS = (
					"$(SDKROOT)/Developer/Library/Frameworks",
					"$(inherited)",
				);
				INFOPLIST_FILE = TakePhotoTests/Info.plist;
				LD_RUNPATH_SEARCH_PATHS = "$(inherited) @executable_path/Frameworks @loader_path/Frameworks";
				PRODUCT_NAME = "$(TARGET_NAME)";
				TEST_HOST = "$(BUILT_PRODUCTS_DIR)/TakePhoto.app/TakePhoto";
			};
			name = Release;
		};
/* End XCBuildConfiguration section */

/* Begin XCConfigurationList section */
		5057D8FD1B4AD4C400178BB9 /* Build configuration list for PBXProject "TakePhoto" */ = {
			isa = XCConfigurationList;
			buildConfigurations = (
				5057D91F1B4AD4C500178BB9 /* Debug */,
				5057D9201B4AD4C500178BB9 /* Release */,
			);
			defaultConfigurationIsVisible = 0;
			defaultConfigurationName = Release;
		};
		5057D9211B4AD4C500178BB9 /* Build configuration list for PBXNativeTarget "TakePhoto" */ = {
			isa = XCConfigurationList;
			buildConfigurations = (
				5057D9221B4AD4C500178BB9 /* Debug */,
				5057D9231B4AD4C500178BB9 /* Release */,
			);
			defaultConfigurationIsVisible = 0;
		};
		5057D9241B4AD4C500178BB9 /* Build configuration list for PBXNativeTarget "TakePhotoTests" */ = {
			isa = XCConfigurationList;
			buildConfigurations = (
				5057D9251B4AD4C500178BB9 /* Debug */,
				5057D9261B4AD4C500178BB9 /* Release */,
			);
			defaultConfigurationIsVisible = 0;
		};
/* End XCConfigurationList section */
	};
	rootObject = 5057D8FA1B4AD4C300178BB9 /* Project object */;
}
